
Microsoft Visual Studio Solution File, Format Version 12.00
# Visual Studio 2012
Project("{FAE04EC0-301F-11D3-BF4B-00C04F79EFBC}") = "StudentClass", "StudentClass\StudentClass.csproj", "{0710E10E-C1C1-4615-8B22-C274975C1C4B}"
EndProject
Project("{FAE04EC0-301F-11D3-BF4B-00C04F79EFBC}") = "PersonClass", "PersonClass\PersonClass.csproj", "{ECE8FD3B-E8F4-4159-A414-E38666FEB850}"
EndProject
Project("{FAE04EC0-301F-11D3-BF4B-00C04F79EFBC}") = "BitArray64Class", "BitArray64Class\BitArray64Class.csproj", "{EF5050EB-3ED9-4727-BEFC-6F10277C34A2}"
EndProject
Project("{FAE04EC0-301F-11D3-BF4B-00C04F79EFBC}") = "DataStructure", "DataStructure\DataStructure.csproj", "{84ED2566-E1F0-4CD4-9EF6-0C66904AF9CE}"
EndProject
Global
	GlobalSection(SolutionConfigurationPlatforms) = preSolution
		Debug|Any CPU = Debug|Any CPU
		Release|Any CPU = Release|Any CPU
	EndGlobalSection
	GlobalSection(ProjectConfigurationPlatforms) = postSolution
		{0710E10E-C1C1-4615-8B22-C274975C1C4B}.Debug|Any CPU.ActiveCfg = Debug|Any CPU
		{0710E10E-C1C1-4615-8B22-C274975C1C4B}.Debug|Any CPU.Build.0 = Debug|Any CPU
		{0710E10E-C1C1-4615-8B22-C274975C1C4B}.Release|Any CPU.ActiveCfg = Release|Any CPU
		{0710E10E-C1C1-4615-8B22-C274975C1C4B}.Release|Any CPU.Build.0 = Release|Any CPU
		{ECE8FD3B-E8F4-4159-A414-E38666FEB850}.Debug|Any CPU.ActiveCfg = Debug|Any CPU
		{ECE8FD3B-E8F4-4159-A414-E38666FEB850}.Debug|Any CPU.Build.0 = Debug|Any CPU
		{ECE8FD3B-E8F4-4159-A414-E38666FEB850}.Release|Any CPU.ActiveCfg = Release|Any CPU
		{ECE8FD3B-E8F4-4159-A414-E38666FEB850}.Release|Any CPU.Build.0 = Release|Any CPU
		{EF5050EB-3ED9-4727-BEFC-6F10277C34A2}.Debug|Any CPU.ActiveCfg = Debug|Any CPU
		{EF5050EB-3ED9-4727-BEFC-6F10277C34A2}.Debug|Any CPU.Build.0 = Debug|Any CPU
		{EF5050EB-3ED9-4727-BEFC-6F10277C34A2}.Release|Any CPU.ActiveCfg = Release|Any CPU
		{EF5050EB-3ED9-4727-BEFC-6F10277C34A2}.Release|Any CPU.Build.0 = Release|Any CPU
		{84ED2566-E1F0-4CD4-9EF6-0C66904AF9CE}.Debug|Any CPU.ActiveCfg = Debug|Any CPU
		{84ED2566-E1F0-4CD4-9EF6-0C66904AF9CE}.Debug|Any CPU.Build.0 = Debug|Any CPU
		{84ED2566-E1F0-4CD4-9EF6-0C66904AF9CE}.Release|Any CPU.ActiveCfg = Release|Any CPU
		{84ED2566-E1F0-4CD4-9EF6-0C66904AF9CE}.Release|Any CPU.Build.0 = Release|Any CPU
	EndGlobalSection
	GlobalSection(SolutionProperties) = preSolution
		HideSolutionNode = FALSE
	EndGlobalSection
EndGlobal
